// !$*UTF8*$!
{
	archiveVersion = 1;
	classes = {
	};
	objectVersion = 48;
	objects = {

/* Begin PBXBuildFile section */
		1DC312E1200054FC007BD8AE /* AppDelegate.swift in Sources */ = {isa = PBXBuildFile; fileRef = 1DC312E0200054FC007BD8AE /* AppDelegate.swift */; };
		1DC312E6200054FC007BD8AE /* Main.storyboard in Resources */ = {isa = PBXBuildFile; fileRef = 1DC312E4200054FC007BD8AE /* Main.storyboard */; };
		1DC312E8200054FC007BD8AE /* Assets.xcassets in Resources */ = {isa = PBXBuildFile; fileRef = 1DC312E7200054FC007BD8AE /* Assets.xcassets */; };
		1DC312EB200054FC007BD8AE /* LaunchScreen.storyboard in Resources */ = {isa = PBXBuildFile; fileRef = 1DC312E9200054FC007BD8AE /* LaunchScreen.storyboard */; };
		1DC312F62000628E007BD8AE /* SWRevealViewController.m in Sources */ = {isa = PBXBuildFile; fileRef = 1DC312F52000628E007BD8AE /* SWRevealViewController.m */; };
		1DC312FB200067E9007BD8AE /* ChatVC.swift in Sources */ = {isa = PBXBuildFile; fileRef = 1DC312FA200067E9007BD8AE /* ChatVC.swift */; };
		1DC312FD200067FA007BD8AE /* ChannelVC.swift in Sources */ = {isa = PBXBuildFile; fileRef = 1DC312FC200067FA007BD8AE /* ChannelVC.swift */; };
		1DC312FF200075D5007BD8AE /* GradientView.swift in Sources */ = {isa = PBXBuildFile; fileRef = 1DC312FE200075D5007BD8AE /* GradientView.swift */; };
		1DC3130220007F50007BD8AE /* Constants.swift in Sources */ = {isa = PBXBuildFile; fileRef = 1DC3130120007F50007BD8AE /* Constants.swift */; };
		1DC31304200083F7007BD8AE /* LoginVC.swift in Sources */ = {isa = PBXBuildFile; fileRef = 1DC31303200083F7007BD8AE /* LoginVC.swift */; };
		1DC31306200086FA007BD8AE /* CreateAccountVC.swift in Sources */ = {isa = PBXBuildFile; fileRef = 1DC31305200086FA007BD8AE /* CreateAccountVC.swift */; };
		1DC3130920009691007BD8AE /* AuthService.swift in Sources */ = {isa = PBXBuildFile; fileRef = 1DC3130820009691007BD8AE /* AuthService.swift */; };
		1DC3130B2000A0E5007BD8AE /* RoundedButton.swift in Sources */ = {isa = PBXBuildFile; fileRef = 1DC3130A2000A0E5007BD8AE /* RoundedButton.swift */; };
		1DC3130D200160DA007BD8AE /* UserDataService.swift in Sources */ = {isa = PBXBuildFile; fileRef = 1DC3130C200160DA007BD8AE /* UserDataService.swift */; };
		1DC3130F2001AED1007BD8AE /* AvatarPickerVC.swift in Sources */ = {isa = PBXBuildFile; fileRef = 1DC3130E2001AED1007BD8AE /* AvatarPickerVC.swift */; };
		1DC313112001B0AC007BD8AE /* AvatarCell.swift in Sources */ = {isa = PBXBuildFile; fileRef = 1DC313102001B0AC007BD8AE /* AvatarCell.swift */; };
		1DC3131320070924007BD8AE /* CircleImage.swift in Sources */ = {isa = PBXBuildFile; fileRef = 1DC3131220070924007BD8AE /* CircleImage.swift */; };
		50D7FDC3FCF8FFC768F70C74 /* Pods_Smack.framework in Frameworks */ = {isa = PBXBuildFile; fileRef = C60D8C37DDBF5024FBAC7B2C /* Pods_Smack.framework */; };
/* End PBXBuildFile section */

/* Begin PBXFileReference section */
		1DC312DD200054FC007BD8AE /* Smack.app */ = {isa = PBXFileReference; explicitFileType = wrapper.application; includeInIndex = 0; path = Smack.app; sourceTree = BUILT_PRODUCTS_DIR; };
		1DC312E0200054FC007BD8AE /* AppDelegate.swift */ = {isa = PBXFileReference; lastKnownFileType = sourcecode.swift; path = AppDelegate.swift; sourceTree = "<group>"; };
		1DC312E5200054FC007BD8AE /* Base */ = {isa = PBXFileReference; lastKnownFileType = file.storyboard; name = Base; path = Base.lproj/Main.storyboard; sourceTree = "<group>"; };
		1DC312E7200054FC007BD8AE /* Assets.xcassets */ = {isa = PBXFileReference; lastKnownFileType = folder.assetcatalog; path = Assets.xcassets; sourceTree = "<group>"; };
		1DC312EA200054FC007BD8AE /* Base */ = {isa = PBXFileReference; lastKnownFileType = file.storyboard; name = Base; path = Base.lproj/LaunchScreen.storyboard; sourceTree = "<group>"; };
		1DC312EC200054FC007BD8AE /* Info.plist */ = {isa = PBXFileReference; lastKnownFileType = text.plist.xml; path = Info.plist; sourceTree = "<group>"; };
		1DC312F32000628D007BD8AE /* Smack-Bridging-Header.h */ = {isa = PBXFileReference; lastKnownFileType = sourcecode.c.h; path = "Smack-Bridging-Header.h"; sourceTree = "<group>"; };
		1DC312F42000628E007BD8AE /* SWRevealViewController.h */ = {isa = PBXFileReference; fileEncoding = 4; lastKnownFileType = sourcecode.c.h; path = SWRevealViewController.h; sourceTree = "<group>"; };
		1DC312F52000628E007BD8AE /* SWRevealViewController.m */ = {isa = PBXFileReference; fileEncoding = 4; lastKnownFileType = sourcecode.c.objc; path = SWRevealViewController.m; sourceTree = "<group>"; };
		1DC312FA200067E9007BD8AE /* ChatVC.swift */ = {isa = PBXFileReference; lastKnownFileType = sourcecode.swift; path = ChatVC.swift; sourceTree = "<group>"; };
		1DC312FC200067FA007BD8AE /* ChannelVC.swift */ = {isa = PBXFileReference; lastKnownFileType = sourcecode.swift; path = ChannelVC.swift; sourceTree = "<group>"; };
		1DC312FE200075D5007BD8AE /* GradientView.swift */ = {isa = PBXFileReference; lastKnownFileType = sourcecode.swift; path = GradientView.swift; sourceTree = "<group>"; };
		1DC3130120007F50007BD8AE /* Constants.swift */ = {isa = PBXFileReference; lastKnownFileType = sourcecode.swift; path = Constants.swift; sourceTree = "<group>"; };
		1DC31303200083F7007BD8AE /* LoginVC.swift */ = {isa = PBXFileReference; lastKnownFileType = sourcecode.swift; path = LoginVC.swift; sourceTree = "<group>"; };
		1DC31305200086FA007BD8AE /* CreateAccountVC.swift */ = {isa = PBXFileReference; lastKnownFileType = sourcecode.swift; path = CreateAccountVC.swift; sourceTree = "<group>"; };
		1DC3130820009691007BD8AE /* AuthService.swift */ = {isa = PBXFileReference; lastKnownFileType = sourcecode.swift; path = AuthService.swift; sourceTree = "<group>"; };
		1DC3130A2000A0E5007BD8AE /* RoundedButton.swift */ = {isa = PBXFileReference; lastKnownFileType = sourcecode.swift; path = RoundedButton.swift; sourceTree = "<group>"; };
		1DC3130C200160DA007BD8AE /* UserDataService.swift */ = {isa = PBXFileReference; lastKnownFileType = sourcecode.swift; path = UserDataService.swift; sourceTree = "<group>"; };
		1DC3130E2001AED1007BD8AE /* AvatarPickerVC.swift */ = {isa = PBXFileReference; lastKnownFileType = sourcecode.swift; path = AvatarPickerVC.swift; sourceTree = "<group>"; };
		1DC313102001B0AC007BD8AE /* AvatarCell.swift */ = {isa = PBXFileReference; lastKnownFileType = sourcecode.swift; path = AvatarCell.swift; sourceTree = "<group>"; };
		1DC3131220070924007BD8AE /* CircleImage.swift */ = {isa = PBXFileReference; lastKnownFileType = sourcecode.swift; path = CircleImage.swift; sourceTree = "<group>"; };
		7D3DAEB038D8224823B14E94 /* Pods-Smack.release.xcconfig */ = {isa = PBXFileReference; includeInIndex = 1; lastKnownFileType = text.xcconfig; name = "Pods-Smack.release.xcconfig"; path = "Pods/Target Support Files/Pods-Smack/Pods-Smack.release.xcconfig"; sourceTree = "<group>"; };
		C60D8C37DDBF5024FBAC7B2C /* Pods_Smack.framework */ = {isa = PBXFileReference; explicitFileType = wrapper.framework; includeInIndex = 0; path = Pods_Smack.framework; sourceTree = BUILT_PRODUCTS_DIR; };
		E4FA923EA366F148CDD734AF /* Pods-Smack.debug.xcconfig */ = {isa = PBXFileReference; includeInIndex = 1; lastKnownFileType = text.xcconfig; name = "Pods-Smack.debug.xcconfig"; path = "Pods/Target Support Files/Pods-Smack/Pods-Smack.debug.xcconfig"; sourceTree = "<group>"; };
/* End PBXFileReference section */

/* Begin PBXFrameworksBuildPhase section */
		1DC312DA200054FC007BD8AE /* Frameworks */ = {
			isa = PBXFrameworksBuildPhase;
			buildActionMask = 2147483647;
			files = (
				50D7FDC3FCF8FFC768F70C74 /* Pods_Smack.framework in Frameworks */,
			);
			runOnlyForDeploymentPostprocessing = 0;
		};
/* End PBXFrameworksBuildPhase section */

/* Begin PBXGroup section */
		1DC312D4200054FC007BD8AE = {
			isa = PBXGroup;
			children = (
				1DC312DF200054FC007BD8AE /* Smack */,
				1DC312DE200054FC007BD8AE /* Products */,
				48AD9CA7A32451A51964ADD0 /* Pods */,
				F4D8A6B0A9125AFC76EA5460 /* Frameworks */,
			);
			sourceTree = "<group>";
		};
		1DC312DE200054FC007BD8AE /* Products */ = {
			isa = PBXGroup;
			children = (
				1DC312DD200054FC007BD8AE /* Smack.app */,
			);
			name = Products;
			sourceTree = "<group>";
		};
		1DC312DF200054FC007BD8AE /* Smack */ = {
			isa = PBXGroup;
			children = (
				1DC3130720009679007BD8AE /* Services */,
				1DC3130020007F3C007BD8AE /* Utilities */,
				1DC312F9200067C6007BD8AE /* Model */,
				1DC312F8200067C0007BD8AE /* View */,
				1DC312F7200067B9007BD8AE /* Controller */,
				1DC312F220006266007BD8AE /* SupportingFiles */,
				1DC312E0200054FC007BD8AE /* AppDelegate.swift */,
				1DC312E4200054FC007BD8AE /* Main.storyboard */,
				1DC312E7200054FC007BD8AE /* Assets.xcassets */,
				1DC312E9200054FC007BD8AE /* LaunchScreen.storyboard */,
				1DC312EC200054FC007BD8AE /* Info.plist */,
			);
			path = Smack;
			sourceTree = "<group>";
		};
		1DC312F220006266007BD8AE /* SupportingFiles */ = {
			isa = PBXGroup;
			children = (
				1DC312F42000628E007BD8AE /* SWRevealViewController.h */,
				1DC312F52000628E007BD8AE /* SWRevealViewController.m */,
				1DC312F32000628D007BD8AE /* Smack-Bridging-Header.h */,
			);
			path = SupportingFiles;
			sourceTree = "<group>";
		};
		1DC312F7200067B9007BD8AE /* Controller */ = {
			isa = PBXGroup;
			children = (
				1DC312FA200067E9007BD8AE /* ChatVC.swift */,
				1DC312FC200067FA007BD8AE /* ChannelVC.swift */,
				1DC31303200083F7007BD8AE /* LoginVC.swift */,
				1DC31305200086FA007BD8AE /* CreateAccountVC.swift */,
				1DC3130E2001AED1007BD8AE /* AvatarPickerVC.swift */,
			);
			path = Controller;
			sourceTree = "<group>";
		};
		1DC312F8200067C0007BD8AE /* View */ = {
			isa = PBXGroup;
			children = (
				1DC312FE200075D5007BD8AE /* GradientView.swift */,
				1DC3130A2000A0E5007BD8AE /* RoundedButton.swift */,
				1DC313102001B0AC007BD8AE /* AvatarCell.swift */,
				1DC3131220070924007BD8AE /* CircleImage.swift */,
			);
			path = View;
			sourceTree = "<group>";
		};
		1DC312F9200067C6007BD8AE /* Model */ = {
			isa = PBXGroup;
			children = (
			);
			path = Model;
			sourceTree = "<group>";
		};
		1DC3130020007F3C007BD8AE /* Utilities */ = {
			isa = PBXGroup;
			children = (
				1DC3130120007F50007BD8AE /* Constants.swift */,
			);
			path = Utilities;
			sourceTree = "<group>";
		};
		1DC3130720009679007BD8AE /* Services */ = {
			isa = PBXGroup;
			children = (
				1DC3130820009691007BD8AE /* AuthService.swift */,
				1DC3130C200160DA007BD8AE /* UserDataService.swift */,
			);
			path = Services;
			sourceTree = "<group>";
		};
		48AD9CA7A32451A51964ADD0 /* Pods */ = {
			isa = PBXGroup;
			children = (
				E4FA923EA366F148CDD734AF /* Pods-Smack.debug.xcconfig */,
				7D3DAEB038D8224823B14E94 /* Pods-Smack.release.xcconfig */,
			);
			name = Pods;
			sourceTree = "<group>";
		};
		F4D8A6B0A9125AFC76EA5460 /* Frameworks */ = {
			isa = PBXGroup;
			children = (
				C60D8C37DDBF5024FBAC7B2C /* Pods_Smack.framework */,
			);
			name = Frameworks;
			sourceTree = "<group>";
		};
/* End PBXGroup section */

/* Begin PBXNativeTarget section */
		1DC312DC200054FC007BD8AE /* Smack */ = {
			isa = PBXNativeTarget;
			buildConfigurationList = 1DC312EF200054FC007BD8AE /* Build configuration list for PBXNativeTarget "Smack" */;
			buildPhases = (
				DCF75BBE532019DBFC44E362 /* [CP] Check Pods Manifest.lock */,
				1DC312D9200054FC007BD8AE /* Sources */,
				1DC312DA200054FC007BD8AE /* Frameworks */,
				1DC312DB200054FC007BD8AE /* Resources */,
				9FE5E2550489BECE5C4E6E3B /* [CP] Embed Pods Frameworks */,
				8C676A40D3B0BB36B61C4101 /* [CP] Copy Pods Resources */,
			);
			buildRules = (
			);
			dependencies = (
			);
			name = Smack;
			productName = Smack;
			productReference = 1DC312DD200054FC007BD8AE /* Smack.app */;
			productType = "com.apple.product-type.application";
		};
/* End PBXNativeTarget section */

/* Begin PBXProject section */
		1DC312D5200054FC007BD8AE /* Project object */ = {
			isa = PBXProject;
			attributes = {
				LastSwiftUpdateCheck = 0910;
				LastUpgradeCheck = 0910;
				ORGANIZATIONNAME = "Anthony Petrizza";
				TargetAttributes = {
					1DC312DC200054FC007BD8AE = {
						CreatedOnToolsVersion = 9.1;
						LastSwiftMigration = 0910;
						ProvisioningStyle = Automatic;
					};
				};
			};
			buildConfigurationList = 1DC312D8200054FC007BD8AE /* Build configuration list for PBXProject "Smack" */;
			compatibilityVersion = "Xcode 8.0";
			developmentRegion = en;
			hasScannedForEncodings = 0;
			knownRegions = (
				en,
				Base,
			);
			mainGroup = 1DC312D4200054FC007BD8AE;
			productRefGroup = 1DC312DE200054FC007BD8AE /* Products */;
			projectDirPath = "";
			projectRoot = "";
			targets = (
				1DC312DC200054FC007BD8AE /* Smack */,
			);
		};
/* End PBXProject section */

/* Begin PBXResourcesBuildPhase section */
		1DC312DB200054FC007BD8AE /* Resources */ = {
			isa = PBXResourcesBuildPhase;
			buildActionMask = 2147483647;
			files = (
				1DC312EB200054FC007BD8AE /* LaunchScreen.storyboard in Resources */,
				1DC312E8200054FC007BD8AE /* Assets.xcassets in Resources */,
				1DC312E6200054FC007BD8AE /* Main.storyboard in Resources */,
			);
			runOnlyForDeploymentPostprocessing = 0;
		};
/* End PBXResourcesBuildPhase section */

/* Begin PBXShellScriptBuildPhase section */
		8C676A40D3B0BB36B61C4101 /* [CP] Copy Pods Resources */ = {
			isa = PBXShellScriptBuildPhase;
			buildActionMask = 2147483647;
			files = (
			);
			inputPaths = (
			);
			name = "[CP] Copy Pods Resources";
			outputPaths = (
			);
			runOnlyForDeploymentPostprocessing = 0;
			shellPath = /bin/sh;
			shellScript = "\"${SRCROOT}/Pods/Target Support Files/Pods-Smack/Pods-Smack-resources.sh\"\n";
			showEnvVarsInLog = 0;
		};
		9FE5E2550489BECE5C4E6E3B /* [CP] Embed Pods Frameworks */ = {
			isa = PBXShellScriptBuildPhase;
			buildActionMask = 2147483647;
			files = (
			);
			inputPaths = (
			);
			name = "[CP] Embed Pods Frameworks";
			outputPaths = (
			);
			runOnlyForDeploymentPostprocessing = 0;
			shellPath = /bin/sh;
			shellScript = "\"${SRCROOT}/Pods/Target Support Files/Pods-Smack/Pods-Smack-frameworks.sh\"\n";
			showEnvVarsInLog = 0;
		};
		DCF75BBE532019DBFC44E362 /* [CP] Check Pods Manifest.lock */ = {
			isa = PBXShellScriptBuildPhase;
			buildActionMask = 2147483647;
			files = (
			);
			inputPaths = (
			);
			name = "[CP] Check Pods Manifest.lock";
			outputPaths = (
			);
			runOnlyForDeploymentPostprocessing = 0;
			shellPath = /bin/sh;
			shellScript = "diff \"${PODS_ROOT}/../Podfile.lock\" \"${PODS_ROOT}/Manifest.lock\" > /dev/null\nif [ $? != 0 ] ; then\n    # print error to STDERR\n    echo \"error: The sandbox is not in sync with the Podfile.lock. Run 'pod install' or update your CocoaPods installation.\" >&2\n    exit 1\nfi\n";
			showEnvVarsInLog = 0;
		};
/* End PBXShellScriptBuildPhase section */

/* Begin PBXSourcesBuildPhase section */
		1DC312D9200054FC007BD8AE /* Sources */ = {
			isa = PBXSourcesBuildPhase;
			buildActionMask = 2147483647;
			files = (
				1DC312FD200067FA007BD8AE /* ChannelVC.swift in Sources */,
				1DC3130F2001AED1007BD8AE /* AvatarPickerVC.swift in Sources */,
				1DC3130B2000A0E5007BD8AE /* RoundedButton.swift in Sources */,
				1DC3131320070924007BD8AE /* CircleImage.swift in Sources */,
				1DC312FB200067E9007BD8AE /* ChatVC.swift in Sources */,
				1DC3130D200160DA007BD8AE /* UserDataService.swift in Sources */,
				1DC31306200086FA007BD8AE /* CreateAccountVC.swift in Sources */,
				1DC3130920009691007BD8AE /* AuthService.swift in Sources */,
				1DC31304200083F7007BD8AE /* LoginVC.swift in Sources */,
				1DC312FF200075D5007BD8AE /* GradientView.swift in Sources */,
				1DC313112001B0AC007BD8AE /* AvatarCell.swift in Sources */,
				1DC312E1200054FC007BD8AE /* AppDelegate.swift in Sources */,
				1DC312F62000628E007BD8AE /* SWRevealViewController.m in Sources */,
				1DC3130220007F50007BD8AE /* Constants.swift in Sources */,
			);
			runOnlyForDeploymentPostprocessing = 0;
		};
/* End PBXSourcesBuildPhase section */

/* Begin PBXVariantGroup section */
		1DC312E4200054FC007BD8AE /* Main.storyboard */ = {
			isa = PBXVariantGroup;
			children = (
				1DC312E5200054FC007BD8AE /* Base */,
			);
			name = Main.storyboard;
			sourceTree = "<group>";
		};
		1DC312E9200054FC007BD8AE /* LaunchScreen.storyboard */ = {
			isa = PBXVariantGroup;
			children = (
				1DC312EA200054FC007BD8AE /* Base */,
			);
			name = LaunchScreen.storyboard;
			sourceTree = "<group>";
		};
/* End PBXVariantGroup section */

/* Begin XCBuildConfiguration section */
		1DC312ED200054FC007BD8AE /* Debug */ = {
			isa = XCBuildConfiguration;
			buildSettings = {
				ALWAYS_SEARCH_USER_PATHS = NO;
				CLANG_ANALYZER_NONNULL = YES;
				CLANG_ANALYZER_NUMBER_OBJECT_CONVERSION = YES_AGGRESSIVE;
				CLANG_CXX_LANGUAGE_STANDARD = "gnu++14";
				CLANG_CXX_LIBRARY = "libc++";
				CLANG_ENABLE_MODULES = YES;
				CLANG_ENABLE_OBJC_ARC = YES;
				CLANG_WARN_BLOCK_CAPTURE_AUTORELEASING = YES;
				CLANG_WARN_BOOL_CONVERSION = YES;
				CLANG_WARN_COMMA = YES;
				CLANG_WARN_CONSTANT_CONVERSION = YES;
				CLANG_WARN_DIRECT_OBJC_ISA_USAGE = YES_ERROR;
				CLANG_WARN_DOCUMENTATION_COMMENTS = YES;
				CLANG_WARN_EMPTY_BODY = YES;
				CLANG_WARN_ENUM_CONVERSION = YES;
				CLANG_WARN_INFINITE_RECURSION = YES;
				CLANG_WARN_INT_CONVERSION = YES;
				CLANG_WARN_NON_LITERAL_NULL_CONVERSION = YES;
				CLANG_WARN_OBJC_LITERAL_CONVERSION = YES;
				CLANG_WARN_OBJC_ROOT_CLASS = YES_ERROR;
				CLANG_WARN_RANGE_LOOP_ANALYSIS = YES;
				CLANG_WARN_STRICT_PROTOTYPES = YES;
				CLANG_WARN_SUSPICIOUS_MOVE = YES;
				CLANG_WARN_UNGUARDED_AVAILABILITY = YES_AGGRESSIVE;
				CLANG_WARN_UNREACHABLE_CODE = YES;
				CLANG_WARN__DUPLICATE_METHOD_MATCH = YES;
				CODE_SIGN_IDENTITY = "iPhone Developer";
				COPY_PHASE_STRIP = NO;
				DEBUG_INFORMATION_FORMAT = dwarf;
				ENABLE_STRICT_OBJC_MSGSEND = YES;
				ENABLE_TESTABILITY = YES;
				GCC_C_LANGUAGE_STANDARD = gnu11;
				GCC_DYNAMIC_NO_PIC = NO;
				GCC_NO_COMMON_BLOCKS = YES;
				GCC_OPTIMIZATION_LEVEL = 0;
				GCC_PREPROCESSOR_DEFINITIONS = (
					"DEBUG=1",
					"$(inherited)",
				);
				GCC_WARN_64_TO_32_BIT_CONVERSION = YES;
				GCC_WARN_ABOUT_RETURN_TYPE = YES_ERROR;
				GCC_WARN_UNDECLARED_SELECTOR = YES;
				GCC_WARN_UNINITIALIZED_AUTOS = YES_AGGRESSIVE;
				GCC_WARN_UNUSED_FUNCTION = YES;
				GCC_WARN_UNUSED_VARIABLE = YES;
				IPHONEOS_DEPLOYMENT_TARGET = 11.1;
				MTL_ENABLE_DEBUG_INFO = YES;
				ONLY_ACTIVE_ARCH = YES;
				SDKROOT = iphoneos;
				SWIFT_ACTIVE_COMPILATION_CONDITIONS = DEBUG;
				SWIFT_OPTIMIZATION_LEVEL = "-Onone";
			};
			name = Debug;
		};
		1DC312EE200054FC007BD8AE /* Release */ = {
			isa = XCBuildConfiguration;
			buildSettings = {
				ALWAYS_SEARCH_USER_PATHS = NO;
				CLANG_ANALYZER_NONNULL = YES;
				CLANG_ANALYZER_NUMBER_OBJECT_CONVERSION = YES_AGGRESSIVE;
				CLANG_CXX_LANGUAGE_STANDARD = "gnu++14";
				CLANG_CXX_LIBRARY = "libc++";
				CLANG_ENABLE_MODULES = YES;
				CLANG_ENABLE_OBJC_ARC = YES;
				CLANG_WARN_BLOCK_CAPTURE_AUTORELEASING = YES;
				CLANG_WARN_BOOL_CONVERSION = YES;
				CLANG_WARN_COMMA = YES;
				CLANG_WARN_CONSTANT_CONVERSION = YES;
				CLANG_WARN_DIRECT_OBJC_ISA_USAGE = YES_ERROR;
				CLANG_WARN_DOCUMENTATION_COMMENTS = YES;
				CLANG_WARN_EMPTY_BODY = YES;
				CLANG_WARN_ENUM_CONVERSION = YES;
				CLANG_WARN_INFINITE_RECURSION = YES;
				CLANG_WARN_INT_CONVERSION = YES;
				CLANG_WARN_NON_LITERAL_NULL_CONVERSION = YES;
				CLANG_WARN_OBJC_LITERAL_CONVERSION = YES;
				CLANG_WARN_OBJC_ROOT_CLASS = YES_ERROR;
				CLANG_WARN_RANGE_LOOP_ANALYSIS = YES;
				CLANG_WARN_STRICT_PROTOTYPES = YES;
				CLANG_WARN_SUSPICIOUS_MOVE = YES;
				CLANG_WARN_UNGUARDED_AVAILABILITY = YES_AGGRESSIVE;
				CLANG_WARN_UNREACHABLE_CODE = YES;
				CLANG_WARN__DUPLICATE_METHOD_MATCH = YES;
				CODE_SIGN_IDENTITY = "iPhone Developer";
				COPY_PHASE_STRIP = NO;
				DEBUG_INFORMATION_FORMAT = "dwarf-with-dsym";
				ENABLE_NS_ASSERTIONS = NO;
				ENABLE_STRICT_OBJC_MSGSEND = YES;
				GCC_C_LANGUAGE_STANDARD = gnu11;
				GCC_NO_COMMON_BLOCKS = YES;
				GCC_WARN_64_TO_32_BIT_CONVERSION = YES;
				GCC_WARN_ABOUT_RETURN_TYPE = YES_ERROR;
				GCC_WARN_UNDECLARED_SELECTOR = YES;
				GCC_WARN_UNINITIALIZED_AUTOS = YES_AGGRESSIVE;
				GCC_WARN_UNUSED_FUNCTION = YES;
				GCC_WARN_UNUSED_VARIABLE = YES;
				IPHONEOS_DEPLOYMENT_TARGET = 11.1;
				MTL_ENABLE_DEBUG_INFO = NO;
				SDKROOT = iphoneos;
				SWIFT_OPTIMIZATION_LEVEL = "-Owholemodule";
				VALIDATE_PRODUCT = YES;
			};
			name = Release;
		};
		1DC312F0200054FC007BD8AE /* Debug */ = {
			isa = XCBuildConfiguration;
			baseConfigurationReference = E4FA923EA366F148CDD734AF /* Pods-Smack.debug.xcconfig */;
			buildSettings = {
				ASSETCATALOG_COMPILER_APPICON_NAME = AppIcon;
				CLANG_ENABLE_MODULES = YES;
				CODE_SIGN_STYLE = Automatic;
				DEVELOPMENT_TEAM = ENM9CL8QKT;
				INFOPLIST_FILE = Smack/Info.plist;
				LD_RUNPATH_SEARCH_PATHS = "$(inherited) @executable_path/Frameworks";
				PRODUCT_BUNDLE_IDENTIFIER = com.FullSail.Smack;
				PRODUCT_NAME = "$(TARGET_NAME)";
				SWIFT_OBJC_BRIDGING_HEADER = "Smack/SupportingFiles/Smack-Bridging-Header.h";
				SWIFT_OPTIMIZATION_LEVEL = "-Onone";
				SWIFT_VERSION = 4.0;
				TARGETED_DEVICE_FAMILY = "1,2";
			};
			name = Debug;
		};
		1DC312F1200054FC007BD8AE /* Release */ = {
			isa = XCBuildConfiguration;
			baseConfigurationReference = 7D3DAEB038D8224823B14E94 /* Pods-Smack.release.xcconfig */;
			buildSettings = {
				ASSETCATALOG_COMPILER_APPICON_NAME = AppIcon;
				CLANG_ENABLE_MODULES = YES;
				CODE_SIGN_STYLE = Automatic;
				DEVELOPMENT_TEAM = ENM9CL8QKT;
				INFOPLIST_FILE = Smack/Info.plist;
				LD_RUNPATH_SEARCH_PATHS = "$(inherited) @executable_path/Frameworks";
				PRODUCT_BUNDLE_IDENTIFIER = com.FullSail.Smack;
				PRODUCT_NAME = "$(TARGET_NAME)";
				SWIFT_OBJC_BRIDGING_HEADER = "Smack/SupportingFiles/Smack-Bridging-Header.h";
				SWIFT_VERSION = 4.0;
				TARGETED_DEVICE_FAMILY = "1,2";
			};
			name = Release;
		};
/* End XCBuildConfiguration section */

/* Begin XCConfigurationList section */
		1DC312D8200054FC007BD8AE /* Build configuration list for PBXProject "Smack" */ = {
			isa = XCConfigurationList;
			buildConfigurations = (
				1DC312ED200054FC007BD8AE /* Debug */,
				1DC312EE200054FC007BD8AE /* Release */,
			);
			defaultConfigurationIsVisible = 0;
			defaultConfigurationName = Release;
		};
		1DC312EF200054FC007BD8AE /* Build configuration list for PBXNativeTarget "Smack" */ = {
			isa = XCConfigurationList;
			buildConfigurations = (
				1DC312F0200054FC007BD8AE /* Debug */,
				1DC312F1200054FC007BD8AE /* Release */,
			);
			defaultConfigurationIsVisible = 0;
			defaultConfigurationName = Release;
		};
/* End XCConfigurationList section */
	};
	rootObject = 1DC312D5200054FC007BD8AE /* Project object */;
}
